
Microsoft Visual Studio Solution File, Format Version 12.00
# Visual Studio 14
VisualStudioVersion = 14.0.25123.0
MinimumVisualStudioVersion = 10.0.40219.1
Project("{9092AA53-FB77-4645-B42D-1CCCA6BD08BD}") = "ExpressApp2", "ExpressApp2\ExpressApp2.njsproj", "{38E209A1-0C21-4505-910A-F087996F99EC}"
EndProject
Global
	GlobalSection(SolutionConfigurationPlatforms) = preSolution
		Debug|Any CPU = Debug|Any CPU
		Release|Any CPU = Release|Any CPU
	EndGlobalSection
	GlobalSection(ProjectConfigurationPlatforms) = postSolution
		{38E209A1-0C21-4505-910A-F087996F99EC}.Debug|Any CPU.ActiveCfg = Debug|Any CPU
		{38E209A1-0C21-4505-910A-F087996F99EC}.Debug|Any CPU.Build.0 = Debug|Any CPU
		{38E209A1-0C21-4505-910A-F087996F99EC}.Release|Any CPU.ActiveCfg = Release|Any CPU
		{38E209A1-0C21-4505-910A-F087996F99EC}.Release|Any CPU.Build.0 = Release|Any CPU
	EndGlobalSection
	GlobalSection(SolutionProperties) = preSolution
		HideSolutionNode = FALSE
	EndGlobalSection
EndGlobal
